
Microsoft Visual Studio Solution File, Format Version 12.00
# Visual Studio Version 17
VisualStudioVersion = 17.5.33516.290
MinimumVisualStudioVersion = 10.0.40219.1
Project("{FAE04EC0-301F-11D3-BF4B-00C04F79EFBC}") = "SignalR", "SignalR\SignalR.csproj", "{146CFE65-B77A-42C6-A4CC-1076D3C50687}"
EndProject
Global
	GlobalSection(SolutionConfigurationPlatforms) = preSolution
		Debug|Any CPU = Debug|Any CPU
		Release|Any CPU = Release|Any CPU
	EndGlobalSection
	GlobalSection(ProjectConfigurationPlatforms) = postSolution
		{146CFE65-B77A-42C6-A4CC-1076D3C50687}.Debug|Any CPU.ActiveCfg = Debug|Any CPU
		{146CFE65-B77A-42C6-A4CC-1076D3C50687}.Debug|Any CPU.Build.0 = Debug|Any CPU
		{146CFE65-B77A-42C6-A4CC-1076D3C50687}.Release|Any CPU.ActiveCfg = Release|Any CPU
		{146CFE65-B77A-42C6-A4CC-1076D3C50687}.Release|Any CPU.Build.0 = Release|Any CPU
	EndGlobalSection
	GlobalSection(SolutionProperties) = preSolution
		HideSolutionNode = FALSE
	EndGlobalSection
	GlobalSection(ExtensibilityGlobals) = postSolution
		SolutionGuid = {38ED5201-0088-4E42-9ECD-743918E36A61}
	EndGlobalSection
EndGlobal
